
Microsoft Visual Studio Solution File, Format Version 12.00
# Visual Studio Version 17
VisualStudioVersion = 17.13.35825.156 d17.13
MinimumVisualStudioVersion = 10.0.40219.1
Project("{FAE04EC0-301F-11D3-BF4B-00C04F79EFBC}") = "Ecommerce_API", "Ecommerce_API\Ecommerce_API.csproj", "{B3D3A945-B932-482F-96E7-5B1AF1354E5C}"
EndProject
Global
	GlobalSection(SolutionConfigurationPlatforms) = preSolution
		Debug|Any CPU = Debug|Any CPU
		Release|Any CPU = Release|Any CPU
	EndGlobalSection
	GlobalSection(ProjectConfigurationPlatforms) = postSolution
		{B3D3A945-B932-482F-96E7-5B1AF1354E5C}.Debug|Any CPU.ActiveCfg = Debug|Any CPU
		{B3D3A945-B932-482F-96E7-5B1AF1354E5C}.Debug|Any CPU.Build.0 = Debug|Any CPU
		{B3D3A945-B932-482F-96E7-5B1AF1354E5C}.Release|Any CPU.ActiveCfg = Release|Any CPU
		{B3D3A945-B932-482F-96E7-5B1AF1354E5C}.Release|Any CPU.Build.0 = Release|Any CPU
	EndGlobalSection
	GlobalSection(SolutionProperties) = preSolution
		HideSolutionNode = FALSE
	EndGlobalSection
	GlobalSection(ExtensibilityGlobals) = postSolution
		SolutionGuid = {19265B25-A516-4E07-AA65-8E5C34C7B654}
	EndGlobalSection
EndGlobal
